
Microsoft Visual Studio Solution File, Format Version 12.00
# Visual Studio 15
VisualStudioVersion = 15.0.27130.2010
MinimumVisualStudioVersion = 10.0.40219.1
Project("{FAE04EC0-301F-11D3-BF4B-00C04F79EFBC}") = "CalcExtendedLogics", "CalcExtendedLogics\CalcExtendedLogics.csproj", "{DA9F66A2-C73D-42D8-BEA5-7CD09BB49700}"
EndProject
Project("{00D1A9C2-B5F0-4AF3-8072-F6C62B433612}") = "SDG_Consulting", "SDG_Consulting\SDG_Consulting.sqlproj", "{6E515813-13B5-49E1-91F1-88F43F912456}"
EndProject
Project("{2150E333-8FDC-42A3-9474-1A3956D46DE8}") = "Extra", "Extra", "{7C57D8E6-8004-4BCE-BEEC-A55B6B87ACDD}"
	ProjectSection(SolutionItems) = preProject
		Extra\AlgoritmoDiOttimizzazione.vsdx = Extra\AlgoritmoDiOttimizzazione.vsdx
		Extra\csv2insert.sh = Extra\csv2insert.sh
		Extra\Load Levelling DDR.docx = Extra\Load Levelling DDR.docx
	EndProjectSection
EndProject
Project("{FAE04EC0-301F-11D3-BF4B-00C04F79EFBC}") = "TestLL", "TestLL\TestLL.csproj", "{5E689B09-9F41-42AC-9C46-FB80AA81B598}"
EndProject
Project("{FAE04EC0-301F-11D3-BF4B-00C04F79EFBC}") = "DataLayer", "DataLayer\DataLayer.csproj", "{BC37FFE4-FD6C-4BDD-88F6-E43FD67411F7}"
EndProject
Project("{FAE04EC0-301F-11D3-BF4B-00C04F79EFBC}") = "Infrastructure", "Infrastructure\Infrastructure.csproj", "{6DCDDACC-B95E-4A2D-BB93-5F798E8E6F1F}"
EndProject
Project("{FAE04EC0-301F-11D3-BF4B-00C04F79EFBC}") = "loadDatabase", "loadDatabase\loadDatabase.csproj", "{96D09424-7039-4CAB-8D0E-3D7DF81EE66A}"
EndProject
Project("{FAE04EC0-301F-11D3-BF4B-00C04F79EFBC}") = "TestConnection", "TestConnection\TestConnection.csproj", "{5BFBFB71-9E5C-4DD6-A512-875676F77614}"
EndProject
Global
	GlobalSection(SolutionConfigurationPlatforms) = preSolution
		Debug|Any CPU = Debug|Any CPU
		Release|Any CPU = Release|Any CPU
	EndGlobalSection
	GlobalSection(ProjectConfigurationPlatforms) = postSolution
		{DA9F66A2-C73D-42D8-BEA5-7CD09BB49700}.Debug|Any CPU.ActiveCfg = Debug|Any CPU
		{DA9F66A2-C73D-42D8-BEA5-7CD09BB49700}.Debug|Any CPU.Build.0 = Debug|Any CPU
		{DA9F66A2-C73D-42D8-BEA5-7CD09BB49700}.Release|Any CPU.ActiveCfg = Release|Any CPU
		{DA9F66A2-C73D-42D8-BEA5-7CD09BB49700}.Release|Any CPU.Build.0 = Release|Any CPU
		{6E515813-13B5-49E1-91F1-88F43F912456}.Debug|Any CPU.ActiveCfg = Debug|Any CPU
		{6E515813-13B5-49E1-91F1-88F43F912456}.Debug|Any CPU.Build.0 = Debug|Any CPU
		{6E515813-13B5-49E1-91F1-88F43F912456}.Debug|Any CPU.Deploy.0 = Debug|Any CPU
		{6E515813-13B5-49E1-91F1-88F43F912456}.Release|Any CPU.ActiveCfg = Release|Any CPU
		{6E515813-13B5-49E1-91F1-88F43F912456}.Release|Any CPU.Build.0 = Release|Any CPU
		{6E515813-13B5-49E1-91F1-88F43F912456}.Release|Any CPU.Deploy.0 = Release|Any CPU
		{5E689B09-9F41-42AC-9C46-FB80AA81B598}.Debug|Any CPU.ActiveCfg = Debug|Any CPU
		{5E689B09-9F41-42AC-9C46-FB80AA81B598}.Debug|Any CPU.Build.0 = Debug|Any CPU
		{5E689B09-9F41-42AC-9C46-FB80AA81B598}.Release|Any CPU.ActiveCfg = Release|Any CPU
		{5E689B09-9F41-42AC-9C46-FB80AA81B598}.Release|Any CPU.Build.0 = Release|Any CPU
		{BC37FFE4-FD6C-4BDD-88F6-E43FD67411F7}.Debug|Any CPU.ActiveCfg = Debug|Any CPU
		{BC37FFE4-FD6C-4BDD-88F6-E43FD67411F7}.Debug|Any CPU.Build.0 = Debug|Any CPU
		{BC37FFE4-FD6C-4BDD-88F6-E43FD67411F7}.Release|Any CPU.ActiveCfg = Release|Any CPU
		{BC37FFE4-FD6C-4BDD-88F6-E43FD67411F7}.Release|Any CPU.Build.0 = Release|Any CPU
		{6DCDDACC-B95E-4A2D-BB93-5F798E8E6F1F}.Debug|Any CPU.ActiveCfg = Debug|Any CPU
		{6DCDDACC-B95E-4A2D-BB93-5F798E8E6F1F}.Debug|Any CPU.Build.0 = Debug|Any CPU
		{6DCDDACC-B95E-4A2D-BB93-5F798E8E6F1F}.Release|Any CPU.ActiveCfg = Release|Any CPU
		{6DCDDACC-B95E-4A2D-BB93-5F798E8E6F1F}.Release|Any CPU.Build.0 = Release|Any CPU
		{96D09424-7039-4CAB-8D0E-3D7DF81EE66A}.Debug|Any CPU.ActiveCfg = Debug|Any CPU
		{96D09424-7039-4CAB-8D0E-3D7DF81EE66A}.Debug|Any CPU.Build.0 = Debug|Any CPU
		{96D09424-7039-4CAB-8D0E-3D7DF81EE66A}.Release|Any CPU.ActiveCfg = Release|Any CPU
		{96D09424-7039-4CAB-8D0E-3D7DF81EE66A}.Release|Any CPU.Build.0 = Release|Any CPU
		{5BFBFB71-9E5C-4DD6-A512-875676F77614}.Debug|Any CPU.ActiveCfg = Debug|Any CPU
		{5BFBFB71-9E5C-4DD6-A512-875676F77614}.Debug|Any CPU.Build.0 = Debug|Any CPU
		{5BFBFB71-9E5C-4DD6-A512-875676F77614}.Release|Any CPU.ActiveCfg = Release|Any CPU
		{5BFBFB71-9E5C-4DD6-A512-875676F77614}.Release|Any CPU.Build.0 = Release|Any CPU
	EndGlobalSection
	GlobalSection(SolutionProperties) = preSolution
		HideSolutionNode = FALSE
	EndGlobalSection
	GlobalSection(ExtensibilityGlobals) = postSolution
		SolutionGuid = {1D436514-4924-4C06-AB29-6CBE2B2E0384}
	EndGlobalSection
	GlobalSection(AutomaticVersions) = postSolution
		UpdateAssemblyVersion = False
		UpdateAssemblyFileVersion = False
		UpdateAssemblyInfoVersion = False
		AdvancedSettingsExpanded = True
	EndGlobalSection
EndGlobal
