
Microsoft Visual Studio Solution File, Format Version 12.00
# Visual Studio 15
VisualStudioVersion = 15.0.26730.15
MinimumVisualStudioVersion = 10.0.40219.1
Project("{FAE04EC0-301F-11D3-BF4B-00C04F79EFBC}") = "CalcExtendedLogics", "CalcExtendedLogics\CalcExtendedLogics.csproj", "{DA9F66A2-C73D-42D8-BEA5-7CD09BB49700}"
EndProject
Project("{00D1A9C2-B5F0-4AF3-8072-F6C62B433612}") = "SDG_Consulting", "SDG_Consulting\SDG_Consulting.sqlproj", "{6E515813-13B5-49E1-91F1-88F43F912456}"
EndProject
Project("{2150E333-8FDC-42A3-9474-1A3956D46DE8}") = "Extra", "Extra", "{7C57D8E6-8004-4BCE-BEEC-A55B6B87ACDD}"
	ProjectSection(SolutionItems) = preProject
		Extra\AlgoritmoDiOttimizzazione.vsdx = Extra\AlgoritmoDiOttimizzazione.vsdx
		Extra\Load Levelling DDR.docx = Extra\Load Levelling DDR.docx
	EndProjectSection
EndProject
Global
	GlobalSection(SolutionConfigurationPlatforms) = preSolution
		Debug|Any CPU = Debug|Any CPU
		Release|Any CPU = Release|Any CPU
	EndGlobalSection
	GlobalSection(ProjectConfigurationPlatforms) = postSolution
		{DA9F66A2-C73D-42D8-BEA5-7CD09BB49700}.Debug|Any CPU.ActiveCfg = Debug|Any CPU
		{DA9F66A2-C73D-42D8-BEA5-7CD09BB49700}.Debug|Any CPU.Build.0 = Debug|Any CPU
		{DA9F66A2-C73D-42D8-BEA5-7CD09BB49700}.Release|Any CPU.ActiveCfg = Release|Any CPU
		{DA9F66A2-C73D-42D8-BEA5-7CD09BB49700}.Release|Any CPU.Build.0 = Release|Any CPU
		{6E515813-13B5-49E1-91F1-88F43F912456}.Debug|Any CPU.ActiveCfg = Debug|Any CPU
		{6E515813-13B5-49E1-91F1-88F43F912456}.Debug|Any CPU.Build.0 = Debug|Any CPU
		{6E515813-13B5-49E1-91F1-88F43F912456}.Debug|Any CPU.Deploy.0 = Debug|Any CPU
		{6E515813-13B5-49E1-91F1-88F43F912456}.Release|Any CPU.ActiveCfg = Release|Any CPU
		{6E515813-13B5-49E1-91F1-88F43F912456}.Release|Any CPU.Build.0 = Release|Any CPU
		{6E515813-13B5-49E1-91F1-88F43F912456}.Release|Any CPU.Deploy.0 = Release|Any CPU
	EndGlobalSection
	GlobalSection(SolutionProperties) = preSolution
		HideSolutionNode = FALSE
	EndGlobalSection
	GlobalSection(ExtensibilityGlobals) = postSolution
		SolutionGuid = {1D436514-4924-4C06-AB29-6CBE2B2E0384}
	EndGlobalSection
EndGlobal
